
Microsoft Visual Studio Solution File, Format Version 12.00
# Visual Studio Version 17
VisualStudioVersion = 17.11.35312.102
MinimumVisualStudioVersion = 10.0.40219.1
Project("{FAE04EC0-301F-11D3-BF4B-00C04F79EFBC}") = "ConsoleApp1", "ConsoleApp1\ConsoleApp1.csproj", "{C11457F1-51E2-4B61-8175-381C9094F835}"
EndProject
Global
	GlobalSection(SolutionConfigurationPlatforms) = preSolution
		Debug|Any CPU = Debug|Any CPU
		Release|Any CPU = Release|Any CPU
	EndGlobalSection
	GlobalSection(ProjectConfigurationPlatforms) = postSolution
		{C11457F1-51E2-4B61-8175-381C9094F835}.Debug|Any CPU.ActiveCfg = Debug|Any CPU
		{C11457F1-51E2-4B61-8175-381C9094F835}.Debug|Any CPU.Build.0 = Debug|Any CPU
		{C11457F1-51E2-4B61-8175-381C9094F835}.Release|Any CPU.ActiveCfg = Release|Any CPU
		{C11457F1-51E2-4B61-8175-381C9094F835}.Release|Any CPU.Build.0 = Release|Any CPU
	EndGlobalSection
	GlobalSection(SolutionProperties) = preSolution
		HideSolutionNode = FALSE
	EndGlobalSection
	GlobalSection(ExtensibilityGlobals) = postSolution
		SolutionGuid = {46113E8E-C718-4308-BEE3-1493987C0357}
	EndGlobalSection
EndGlobal
